{
    "name": "@cg3/prior-node",
    "version": "0.6.4",
    "lockfileVersion": 3,
    "requires": true,
    "packages": {
        "": {
            "name": "@cg3/prior-node",
            "version": "0.6.4",
            "license": "FSL-1.1-ALv2",
            "bin": {
                "prior": "bin/prior.js"
            },
            "engines": {
                "node": ">=18.0.0"
            }
        }
    }
}
